
Microsoft Visual Studio Solution File, Format Version 12.00
# Visual Studio Version 16
VisualStudioVersion = 16.0.34031.81
MinimumVisualStudioVersion = 10.0.40219.1
Project("{FAE04EC0-301F-11D3-BF4B-00C04F79EFBC}") = "WebApplication5", "WebApplication5\WebApplication5.csproj", "{5F22DA7B-2075-4553-BDEF-4162952155ED}"
EndProject
Global
	GlobalSection(SolutionConfigurationPlatforms) = preSolution
		Debug|Any CPU = Debug|Any CPU
		Release|Any CPU = Release|Any CPU
	EndGlobalSection
	GlobalSection(ProjectConfigurationPlatforms) = postSolution
		{5F22DA7B-2075-4553-BDEF-4162952155ED}.Debug|Any CPU.ActiveCfg = Debug|Any CPU
		{5F22DA7B-2075-4553-BDEF-4162952155ED}.Debug|Any CPU.Build.0 = Debug|Any CPU
		{5F22DA7B-2075-4553-BDEF-4162952155ED}.Release|Any CPU.ActiveCfg = Release|Any CPU
		{5F22DA7B-2075-4553-BDEF-4162952155ED}.Release|Any CPU.Build.0 = Release|Any CPU
	EndGlobalSection
	GlobalSection(SolutionProperties) = preSolution
		HideSolutionNode = FALSE
	EndGlobalSection
	GlobalSection(ExtensibilityGlobals) = postSolution
		SolutionGuid = {7FA0E8AE-80A4-4709-8CAA-33BE14A056BE}
	EndGlobalSection
EndGlobal
